
Microsoft Visual Studio Solution File, Format Version 12.00
# Visual Studio Version 16
VisualStudioVersion = 16.0.32106.194
MinimumVisualStudioVersion = 10.0.40219.1
Project("{FAE04EC0-301F-11D3-BF4B-00C04F79EFBC}") = "Model", "Model\Model.csproj", "{1EA55EC1-8CD4-40DD-9ED8-3FB774C6C2AB}"
EndProject
Project("{FAE04EC0-301F-11D3-BF4B-00C04F79EFBC}") = "DAL", "DAL\DAL.csproj", "{6B855E92-1A0A-4EB6-B4A5-CF67D899069E}"
EndProject
Project("{FAE04EC0-301F-11D3-BF4B-00C04F79EFBC}") = "BLL", "BLL\BLL.csproj", "{9E023385-95B1-4323-AF04-9D77EE7E8C1C}"
EndProject
Project("{FAE04EC0-301F-11D3-BF4B-00C04F79EFBC}") = "Infra", "Infra\Infra.csproj", "{CD2016A8-2067-4C21-A86A-E33BC140FD85}"
EndProject
Project("{FAE04EC0-301F-11D3-BF4B-00C04F79EFBC}") = "IUPrincipal", "IUPrincipal\IUPrincipal.csproj", "{E2CFC118-5489-4DB3-97A2-CC9AD314FC99}"
EndProject
Global
	GlobalSection(SolutionConfigurationPlatforms) = preSolution
		Debug|Any CPU = Debug|Any CPU
		Release|Any CPU = Release|Any CPU
	EndGlobalSection
	GlobalSection(ProjectConfigurationPlatforms) = postSolution
		{1EA55EC1-8CD4-40DD-9ED8-3FB774C6C2AB}.Debug|Any CPU.ActiveCfg = Debug|Any CPU
		{1EA55EC1-8CD4-40DD-9ED8-3FB774C6C2AB}.Debug|Any CPU.Build.0 = Debug|Any CPU
		{1EA55EC1-8CD4-40DD-9ED8-3FB774C6C2AB}.Release|Any CPU.ActiveCfg = Release|Any CPU
		{1EA55EC1-8CD4-40DD-9ED8-3FB774C6C2AB}.Release|Any CPU.Build.0 = Release|Any CPU
		{6B855E92-1A0A-4EB6-B4A5-CF67D899069E}.Debug|Any CPU.ActiveCfg = Debug|Any CPU
		{6B855E92-1A0A-4EB6-B4A5-CF67D899069E}.Debug|Any CPU.Build.0 = Debug|Any CPU
		{6B855E92-1A0A-4EB6-B4A5-CF67D899069E}.Release|Any CPU.ActiveCfg = Release|Any CPU
		{6B855E92-1A0A-4EB6-B4A5-CF67D899069E}.Release|Any CPU.Build.0 = Release|Any CPU
		{9E023385-95B1-4323-AF04-9D77EE7E8C1C}.Debug|Any CPU.ActiveCfg = Debug|Any CPU
		{9E023385-95B1-4323-AF04-9D77EE7E8C1C}.Debug|Any CPU.Build.0 = Debug|Any CPU
		{9E023385-95B1-4323-AF04-9D77EE7E8C1C}.Release|Any CPU.ActiveCfg = Release|Any CPU
		{9E023385-95B1-4323-AF04-9D77EE7E8C1C}.Release|Any CPU.Build.0 = Release|Any CPU
		{CD2016A8-2067-4C21-A86A-E33BC140FD85}.Debug|Any CPU.ActiveCfg = Debug|Any CPU
		{CD2016A8-2067-4C21-A86A-E33BC140FD85}.Debug|Any CPU.Build.0 = Debug|Any CPU
		{CD2016A8-2067-4C21-A86A-E33BC140FD85}.Release|Any CPU.ActiveCfg = Release|Any CPU
		{CD2016A8-2067-4C21-A86A-E33BC140FD85}.Release|Any CPU.Build.0 = Release|Any CPU
		{E2CFC118-5489-4DB3-97A2-CC9AD314FC99}.Debug|Any CPU.ActiveCfg = Debug|Any CPU
		{E2CFC118-5489-4DB3-97A2-CC9AD314FC99}.Debug|Any CPU.Build.0 = Debug|Any CPU
		{E2CFC118-5489-4DB3-97A2-CC9AD314FC99}.Release|Any CPU.ActiveCfg = Release|Any CPU
		{E2CFC118-5489-4DB3-97A2-CC9AD314FC99}.Release|Any CPU.Build.0 = Release|Any CPU
	EndGlobalSection
	GlobalSection(SolutionProperties) = preSolution
		HideSolutionNode = FALSE
	EndGlobalSection
	GlobalSection(ExtensibilityGlobals) = postSolution
		SolutionGuid = {A8684076-5DF4-426B-B7E7-C991F3F77880}
	EndGlobalSection
EndGlobal
